schema: '2.0'
stages:
  prepare:
    cmd: python src/prepare.py --train_size 0.02 --test_size 0.005
    deps:
    - path: data/raw/cleaned_house_rent_data_cropped.csv
      hash: md5
      md5: af0b109aab5d5428614da984fc197c13
      size: 8897409
    - path: src/prepare.py
      hash: md5
      md5: ea20853393ecd57bada8ffabc7f663e5
      size: 2394
      isexec: true
    outs:
    - path: data/processed/
      hash: md5
      md5: 9c3937c76e57d7e9b93192c8bb3e32aa.dir
      size: 821716
      nfiles: 2
  train:
    cmd: python src/optimize.py
    deps:
    - path: config/
      hash: md5
      md5: 5b24e3d24d5329a11b8ceeb2ff1548da.dir
      size: 1409
      nfiles: 6
    - path: data/processed/
      hash: md5
      md5: 9c3937c76e57d7e9b93192c8bb3e32aa.dir
      size: 821716
      nfiles: 2
    - path: src/optimize.py
      hash: md5
      md5: 6178c605cbb0be0f1e765e170fd9e3aa
      size: 11210
      isexec: true
    outs:
    - path: metrics.json
      hash: md5
      md5: f75eddfaa28c82f95c625c0333ac7d2e
      size: 87
    - path: models/
      hash: md5
      md5: d62a5be3c55d3fc389e0bb2d6a3647e2.dir
      size: 5825
      nfiles: 1
    - path: plots/
      hash: md5
      md5: 48cf7c267492b2d2501584e4a06cfbc1.dir
      size: 228184
      nfiles: 6
  test_data:
    cmd: pytest tests/test_data.py -v
    deps:
    - path: data/processed/
      hash: md5
      md5: 9c3937c76e57d7e9b93192c8bb3e32aa.dir
      size: 821716
      nfiles: 2
    - path: tests/test_data.py
      hash: md5
      md5: 8ecd7daf50d3518d111c51de01349609
      size: 768
      isexec: true
  test_model:
    cmd: pytest tests/test_model.py -v
    deps:
    - path: metrics.json
      hash: md5
      md5: f75eddfaa28c82f95c625c0333ac7d2e
      size: 87
    - path: models/
      hash: md5
      md5: d62a5be3c55d3fc389e0bb2d6a3647e2.dir
      size: 5825
      nfiles: 1
    - path: tests/test_model.py
      hash: md5
      md5: 8d41eedb56d343e0eade4c2571710a20
      size: 959
      isexec: true
  download:
    cmd: python src/download.py
    deps:
    - path: src/download.py
      hash: md5
      md5: e436d4d847fd2f7dadf15a9c4c2c3ad4
      size: 930
      isexec: true
    outs:
    - path: data/raw/cleaned_house_rent_data_cropped.csv
      hash: md5
      md5: af0b109aab5d5428614da984fc197c13
      size: 8897409
